// !$*UTF8*$!
{
	archiveVersion = 1;
	classes = {
	};
	objectVersion = 56;
	objects = {

/* Begin PBXBuildFile section */
		7B32A9F42ABBA17100CE0603 /* PanelView.swift in Sources */ = {isa = PBXBuildFile; fileRef = 7B32A9F32ABBA17100CE0603 /* PanelView.swift */; };
		7B32A9FB2ABBB00400CE0603 /* FirePanel.swift in Sources */ = {isa = PBXBuildFile; fileRef = 7B32A9FA2ABBB00400CE0603 /* FirePanel.swift */; };
		7B32A9FD2ABBB16700CE0603 /* MainViewModel.swift in Sources */ = {isa = PBXBuildFile; fileRef = 7B32A9FC2ABBB16700CE0603 /* MainViewModel.swift */; };
		7B4035042ABA72860094791A /* VulcanApp.swift in Sources */ = {isa = PBXBuildFile; fileRef = 7B4035032ABA72860094791A /* VulcanApp.swift */; };
		7B4035062ABA72860094791A /* MainView.swift in Sources */ = {isa = PBXBuildFile; fileRef = 7B4035052ABA72860094791A /* MainView.swift */; };
		7B4035082ABA72870094791A /* Assets.xcassets in Resources */ = {isa = PBXBuildFile; fileRef = 7B4035072ABA72870094791A /* Assets.xcassets */; };
		7B40350B2ABA72870094791A /* Preview Assets.xcassets in Resources */ = {isa = PBXBuildFile; fileRef = 7B40350A2ABA72870094791A /* Preview Assets.xcassets */; };
		7B4035142ABA74600094791A /* NavigationBarView.swift in Sources */ = {isa = PBXBuildFile; fileRef = 7B4035132ABA74600094791A /* NavigationBarView.swift */; };
		7B4035182ABA75B10094791A /* QuickWeatherInfo.swift in Sources */ = {isa = PBXBuildFile; fileRef = 7B4035172ABA75B10094791A /* QuickWeatherInfo.swift */; };
		7B40351A2ABA79380094791A /* WeatherKitManager.swift in Sources */ = {isa = PBXBuildFile; fileRef = 7B4035192ABA79380094791A /* WeatherKitManager.swift */; };
		7B6E99062AD0F4A300ACACB0 /* FireWeatherIndexManager.swift in Sources */ = {isa = PBXBuildFile; fileRef = 7B6E99052AD0F4A300ACACB0 /* FireWeatherIndexManager.swift */; };
		7B6E99082AD1B88B00ACACB0 /* SMSPanel.swift in Sources */ = {isa = PBXBuildFile; fileRef = 7B6E99072AD1B88B00ACACB0 /* SMSPanel.swift */; };
		7B7277582AD2185A00605C87 /* DataModel.xcdatamodeld in Sources */ = {isa = PBXBuildFile; fileRef = 7B7277562AD2185A00605C87 /* DataModel.xcdatamodeld */; };
		7B72775B2AD21A0C00605C87 /* DataController.swift in Sources */ = {isa = PBXBuildFile; fileRef = 7B72775A2AD21A0C00605C87 /* DataController.swift */; };
		7B72777F2AD2514A00605C87 /* SMSManager.swift in Sources */ = {isa = PBXBuildFile; fileRef = 7B72777E2AD2514A00605C87 /* SMSManager.swift */; };
		7B7277812AD25D3200605C87 /* ValidationManager.swift in Sources */ = {isa = PBXBuildFile; fileRef = 7B7277802AD25D3200605C87 /* ValidationManager.swift */; };
		7B72778B2AD27B8C00605C87 /* svm_model.mlmodel in Sources */ = {isa = PBXBuildFile; fileRef = 7B72778A2AD27B8C00605C87 /* svm_model.mlmodel */; };
		7B7277902AD294BD00605C87 /* sendEmail.py in Resources */ = {isa = PBXBuildFile; fileRef = 7B72778F2AD294BD00605C87 /* sendEmail.py */; };
		7BEDE0262ABB17360031483B /* QuickFireInfo.swift in Sources */ = {isa = PBXBuildFile; fileRef = 7BEDE0252ABB17360031483B /* QuickFireInfo.swift */; };
		7BEDE0292ABB184F0031483B /* NavigationBarItem.swift in Sources */ = {isa = PBXBuildFile; fileRef = 7BEDE0282ABB184F0031483B /* NavigationBarItem.swift */; };
		7BEDE02C2ABB19140031483B /* Color.swift in Sources */ = {isa = PBXBuildFile; fileRef = 7BEDE02B2ABB19140031483B /* Color.swift */; };
		7BEDE02F2ABB1C8F0031483B /* MapView.swift in Sources */ = {isa = PBXBuildFile; fileRef = 7BEDE02E2ABB1C8F0031483B /* MapView.swift */; };
		7BEDE0312ABB1D6B0031483B /* MapManager.swift in Sources */ = {isa = PBXBuildFile; fileRef = 7BEDE0302ABB1D6B0031483B /* MapManager.swift */; };
		7BF8FC842ACF818E00E8B4F3 /* Fire_Old.swift in Sources */ = {isa = PBXBuildFile; fileRef = 7BF8FC832ACF818E00E8B4F3 /* Fire_Old.swift */; };
		7BF8FC862ACF835B00E8B4F3 /* FireTestData.swift in Sources */ = {isa = PBXBuildFile; fileRef = 7BF8FC852ACF835B00E8B4F3 /* FireTestData.swift */; };
		7BF8FC882ACF866100E8B4F3 /* Management.swift in Sources */ = {isa = PBXBuildFile; fileRef = 7BF8FC872ACF866100E8B4F3 /* Management.swift */; };
		7BF8FC8A2ACF954E00E8B4F3 /* SMSTestData.swift in Sources */ = {isa = PBXBuildFile; fileRef = 7BF8FC892ACF954E00E8B4F3 /* SMSTestData.swift */; };
		7BF8FC902AD032B600E8B4F3 /* ManagementTestData.swift in Sources */ = {isa = PBXBuildFile; fileRef = 7BF8FC8F2AD032B600E8B4F3 /* ManagementTestData.swift */; };
/* End PBXBuildFile section */

/* Begin PBXFileReference section */
		7B32A9F32ABBA17100CE0603 /* PanelView.swift */ = {isa = PBXFileReference; lastKnownFileType = sourcecode.swift; path = PanelView.swift; sourceTree = "<group>"; };
		7B32A9FA2ABBB00400CE0603 /* FirePanel.swift */ = {isa = PBXFileReference; lastKnownFileType = sourcecode.swift; path = FirePanel.swift; sourceTree = "<group>"; };
		7B32A9FC2ABBB16700CE0603 /* MainViewModel.swift */ = {isa = PBXFileReference; lastKnownFileType = sourcecode.swift; path = MainViewModel.swift; sourceTree = "<group>"; };
		7B4035002ABA72860094791A /* Vulcan.app */ = {isa = PBXFileReference; explicitFileType = wrapper.application; includeInIndex = 0; path = Vulcan.app; sourceTree = BUILT_PRODUCTS_DIR; };
		7B4035032ABA72860094791A /* VulcanApp.swift */ = {isa = PBXFileReference; lastKnownFileType = sourcecode.swift; path = VulcanApp.swift; sourceTree = "<group>"; };
		7B4035052ABA72860094791A /* MainView.swift */ = {isa = PBXFileReference; lastKnownFileType = sourcecode.swift; path = MainView.swift; sourceTree = "<group>"; };
		7B4035072ABA72870094791A /* Assets.xcassets */ = {isa = PBXFileReference; lastKnownFileType = folder.assetcatalog; path = Assets.xcassets; sourceTree = "<group>"; };
		7B40350A2ABA72870094791A /* Preview Assets.xcassets */ = {isa = PBXFileReference; lastKnownFileType = folder.assetcatalog; path = "Preview Assets.xcassets"; sourceTree = "<group>"; };
		7B40350C2ABA72870094791A /* Vulcan.entitlements */ = {isa = PBXFileReference; lastKnownFileType = text.plist.entitlements; path = Vulcan.entitlements; sourceTree = "<group>"; };
		7B4035132ABA74600094791A /* NavigationBarView.swift */ = {isa = PBXFileReference; lastKnownFileType = sourcecode.swift; path = NavigationBarView.swift; sourceTree = "<group>"; };
		7B4035172ABA75B10094791A /* QuickWeatherInfo.swift */ = {isa = PBXFileReference; lastKnownFileType = sourcecode.swift; path = QuickWeatherInfo.swift; sourceTree = "<group>"; };
		7B4035192ABA79380094791A /* WeatherKitManager.swift */ = {isa = PBXFileReference; lastKnownFileType = sourcecode.swift; path = WeatherKitManager.swift; sourceTree = "<group>"; };
		7B6E99052AD0F4A300ACACB0 /* FireWeatherIndexManager.swift */ = {isa = PBXFileReference; lastKnownFileType = sourcecode.swift; path = FireWeatherIndexManager.swift; sourceTree = "<group>"; };
		7B6E99072AD1B88B00ACACB0 /* SMSPanel.swift */ = {isa = PBXFileReference; lastKnownFileType = sourcecode.swift; path = SMSPanel.swift; sourceTree = "<group>"; };
		7B7277572AD2185A00605C87 /* PhoneNumberModel.xcdatamodel */ = {isa = PBXFileReference; lastKnownFileType = wrapper.xcdatamodel; path = PhoneNumberModel.xcdatamodel; sourceTree = "<group>"; };
		7B72775A2AD21A0C00605C87 /* DataController.swift */ = {isa = PBXFileReference; lastKnownFileType = sourcecode.swift; path = DataController.swift; sourceTree = "<group>"; };
		7B72777E2AD2514A00605C87 /* SMSManager.swift */ = {isa = PBXFileReference; lastKnownFileType = sourcecode.swift; path = SMSManager.swift; sourceTree = "<group>"; };
		7B7277802AD25D3200605C87 /* ValidationManager.swift */ = {isa = PBXFileReference; lastKnownFileType = sourcecode.swift; path = ValidationManager.swift; sourceTree = "<group>"; };
		7B72778A2AD27B8C00605C87 /* svm_model.mlmodel */ = {isa = PBXFileReference; lastKnownFileType = file.mlmodel; path = svm_model.mlmodel; sourceTree = "<group>"; };
		7B72778F2AD294BD00605C87 /* sendEmail.py */ = {isa = PBXFileReference; fileEncoding = 4; lastKnownFileType = text.script.python; path = sendEmail.py; sourceTree = "<group>"; };
		7BEDE0252ABB17360031483B /* QuickFireInfo.swift */ = {isa = PBXFileReference; lastKnownFileType = sourcecode.swift; path = QuickFireInfo.swift; sourceTree = "<group>"; };
		7BEDE0282ABB184F0031483B /* NavigationBarItem.swift */ = {isa = PBXFileReference; lastKnownFileType = sourcecode.swift; path = NavigationBarItem.swift; sourceTree = "<group>"; };
		7BEDE02B2ABB19140031483B /* Color.swift */ = {isa = PBXFileReference; lastKnownFileType = sourcecode.swift; path = Color.swift; sourceTree = "<group>"; };
		7BEDE02E2ABB1C8F0031483B /* MapView.swift */ = {isa = PBXFileReference; lastKnownFileType = sourcecode.swift; path = MapView.swift; sourceTree = "<group>"; };
		7BEDE0302ABB1D6B0031483B /* MapManager.swift */ = {isa = PBXFileReference; lastKnownFileType = sourcecode.swift; path = MapManager.swift; sourceTree = "<group>"; };
		7BF8FC832ACF818E00E8B4F3 /* Fire_Old.swift */ = {isa = PBXFileReference; lastKnownFileType = sourcecode.swift; path = Fire_Old.swift; sourceTree = "<group>"; };
		7BF8FC852ACF835B00E8B4F3 /* FireTestData.swift */ = {isa = PBXFileReference; lastKnownFileType = sourcecode.swift; path = FireTestData.swift; sourceTree = "<group>"; };
		7BF8FC872ACF866100E8B4F3 /* Management.swift */ = {isa = PBXFileReference; lastKnownFileType = sourcecode.swift; path = Management.swift; sourceTree = "<group>"; };
		7BF8FC892ACF954E00E8B4F3 /* SMSTestData.swift */ = {isa = PBXFileReference; lastKnownFileType = sourcecode.swift; path = SMSTestData.swift; sourceTree = "<group>"; };
		7BF8FC8F2AD032B600E8B4F3 /* ManagementTestData.swift */ = {isa = PBXFileReference; lastKnownFileType = sourcecode.swift; path = ManagementTestData.swift; sourceTree = "<group>"; };
/* End PBXFileReference section */

/* Begin PBXFrameworksBuildPhase section */
		7B4034FD2ABA72860094791A /* Frameworks */ = {
			isa = PBXFrameworksBuildPhase;
			buildActionMask = 2147483647;
			files = (
			);
			runOnlyForDeploymentPostprocessing = 0;
		};
/* End PBXFrameworksBuildPhase section */

/* Begin PBXGroup section */
		7B32A9F52ABBA35600CE0603 /* Panel */ = {
			isa = PBXGroup;
			children = (
				7B32A9F32ABBA17100CE0603 /* PanelView.swift */,
				7B32A9FA2ABBB00400CE0603 /* FirePanel.swift */,
				7B6E99072AD1B88B00ACACB0 /* SMSPanel.swift */,
			);
			path = Panel;
			sourceTree = "<group>";
		};
		7B32A9FE2ABBCF9F00CE0603 /* Structures */ = {
			isa = PBXGroup;
			children = (
				7BF8FC832ACF818E00E8B4F3 /* Fire_Old.swift */,
				7BF8FC872ACF866100E8B4F3 /* Management.swift */,
				7B7277562AD2185A00605C87 /* DataModel.xcdatamodeld */,
			);
			path = Structures;
			sourceTree = "<group>";
		};
		7B4034F72ABA72860094791A = {
			isa = PBXGroup;
			children = (
				7B4035022ABA72860094791A /* Vulcan */,
				7B4035012ABA72860094791A /* Products */,
			);
			sourceTree = "<group>";
		};
		7B4035012ABA72860094791A /* Products */ = {
			isa = PBXGroup;
			children = (
				7B4035002ABA72860094791A /* Vulcan.app */,
			);
			name = Products;
			sourceTree = "<group>";
		};
		7B4035022ABA72860094791A /* Vulcan */ = {
			isa = PBXGroup;
			children = (
				7BEDE02A2ABB190B0031483B /* Extensions */,
				7B4035152ABA74670094791A /* Main */,
				7B4035122ABA743C0094791A /* Navigation Bar */,
				7B32A9F52ABBA35600CE0603 /* Panel */,
				7BEDE02D2ABB1C810031483B /* Map */,
				7B4035162ABA75810094791A /* Weather */,
				7B7277592AD219C600605C87 /* Data Manager */,
				7B32A9FE2ABBCF9F00CE0603 /* Structures */,
				7BF8FC822ACF817400E8B4F3 /* Test Data */,
				7B4035072ABA72870094791A /* Assets.xcassets */,
				7B40350C2ABA72870094791A /* Vulcan.entitlements */,
				7B4035092ABA72870094791A /* Preview Content */,
			);
			path = Vulcan;
			sourceTree = "<group>";
		};
		7B4035092ABA72870094791A /* Preview Content */ = {
			isa = PBXGroup;
			children = (
				7B40350A2ABA72870094791A /* Preview Assets.xcassets */,
			);
			path = "Preview Content";
			sourceTree = "<group>";
		};
		7B4035122ABA743C0094791A /* Navigation Bar */ = {
			isa = PBXGroup;
			children = (
				7BEDE0272ABB18400031483B /* Components */,
				7B4035132ABA74600094791A /* NavigationBarView.swift */,
				7B4035172ABA75B10094791A /* QuickWeatherInfo.swift */,
				7BEDE0252ABB17360031483B /* QuickFireInfo.swift */,
			);
			path = "Navigation Bar";
			sourceTree = "<group>";
		};
		7B4035152ABA74670094791A /* Main */ = {
			isa = PBXGroup;
			children = (
				7B4035032ABA72860094791A /* VulcanApp.swift */,
				7B4035052ABA72860094791A /* MainView.swift */,
				7B32A9FC2ABBB16700CE0603 /* MainViewModel.swift */,
			);
			path = Main;
			sourceTree = "<group>";
		};
		7B4035162ABA75810094791A /* Weather */ = {
			isa = PBXGroup;
			children = (
				7B4035192ABA79380094791A /* WeatherKitManager.swift */,
				7B6E99052AD0F4A300ACACB0 /* FireWeatherIndexManager.swift */,
			);
			path = Weather;
			sourceTree = "<group>";
		};
		7B7277592AD219C600605C87 /* Data Manager */ = {
			isa = PBXGroup;
			children = (
				7B72778F2AD294BD00605C87 /* sendEmail.py */,
				7B72775A2AD21A0C00605C87 /* DataController.swift */,
				7B72777E2AD2514A00605C87 /* SMSManager.swift */,
				7B7277802AD25D3200605C87 /* ValidationManager.swift */,
				7B72778A2AD27B8C00605C87 /* svm_model.mlmodel */,
			);
			path = "Data Manager";
			sourceTree = "<group>";
		};
		7BEDE0272ABB18400031483B /* Components */ = {
			isa = PBXGroup;
			children = (
				7BEDE0282ABB184F0031483B /* NavigationBarItem.swift */,
			);
			path = Components;
			sourceTree = "<group>";
		};
		7BEDE02A2ABB190B0031483B /* Extensions */ = {
			isa = PBXGroup;
			children = (
				7BEDE02B2ABB19140031483B /* Color.swift */,
			);
			path = Extensions;
			sourceTree = "<group>";
		};
		7BEDE02D2ABB1C810031483B /* Map */ = {
			isa = PBXGroup;
			children = (
				7BEDE02E2ABB1C8F0031483B /* MapView.swift */,
				7BEDE0302ABB1D6B0031483B /* MapManager.swift */,
			);
			path = Map;
			sourceTree = "<group>";
		};
		7BF8FC822ACF817400E8B4F3 /* Test Data */ = {
			isa = PBXGroup;
			children = (
				7BF8FC852ACF835B00E8B4F3 /* FireTestData.swift */,
				7BF8FC892ACF954E00E8B4F3 /* SMSTestData.swift */,
				7BF8FC8F2AD032B600E8B4F3 /* ManagementTestData.swift */,
			);
			path = "Test Data";
			sourceTree = "<group>";
		};
/* End PBXGroup section */

/* Begin PBXNativeTarget section */
		7B4034FF2ABA72860094791A /* Vulcan */ = {
			isa = PBXNativeTarget;
			buildConfigurationList = 7B40350F2ABA72870094791A /* Build configuration list for PBXNativeTarget "Vulcan" */;
			buildPhases = (
				7B4034FC2ABA72860094791A /* Sources */,
				7B4034FD2ABA72860094791A /* Frameworks */,
				7B4034FE2ABA72860094791A /* Resources */,
			);
			buildRules = (
			);
			dependencies = (
			);
			name = Vulcan;
			packageProductDependencies = (
			);
			productName = Vulcan;
			productReference = 7B4035002ABA72860094791A /* Vulcan.app */;
			productType = "com.apple.product-type.application";
		};
/* End PBXNativeTarget section */

/* Begin PBXProject section */
		7B4034F82ABA72860094791A /* Project object */ = {
			isa = PBXProject;
			attributes = {
				BuildIndependentTargetsInParallel = 1;
				LastSwiftUpdateCheck = 1430;
				LastUpgradeCheck = 1430;
				TargetAttributes = {
					7B4034FF2ABA72860094791A = {
						CreatedOnToolsVersion = 14.3.1;
					};
				};
			};
			buildConfigurationList = 7B4034FB2ABA72860094791A /* Build configuration list for PBXProject "Vulcan" */;
			compatibilityVersion = "Xcode 14.0";
			developmentRegion = en;
			hasScannedForEncodings = 0;
			knownRegions = (
				en,
				Base,
			);
			mainGroup = 7B4034F72ABA72860094791A;
			packageReferences = (
			);
			productRefGroup = 7B4035012ABA72860094791A /* Products */;
			projectDirPath = "";
			projectRoot = "";
			targets = (
				7B4034FF2ABA72860094791A /* Vulcan */,
			);
		};
/* End PBXProject section */

/* Begin PBXResourcesBuildPhase section */
		7B4034FE2ABA72860094791A /* Resources */ = {
			isa = PBXResourcesBuildPhase;
			buildActionMask = 2147483647;
			files = (
				7B7277902AD294BD00605C87 /* sendEmail.py in Resources */,
				7B40350B2ABA72870094791A /* Preview Assets.xcassets in Resources */,
				7B4035082ABA72870094791A /* Assets.xcassets in Resources */,
			);
			runOnlyForDeploymentPostprocessing = 0;
		};
/* End PBXResourcesBuildPhase section */

/* Begin PBXSourcesBuildPhase section */
		7B4034FC2ABA72860094791A /* Sources */ = {
			isa = PBXSourcesBuildPhase;
			buildActionMask = 2147483647;
			files = (
				7B7277812AD25D3200605C87 /* ValidationManager.swift in Sources */,
				7B72777F2AD2514A00605C87 /* SMSManager.swift in Sources */,
				7B4035062ABA72860094791A /* MainView.swift in Sources */,
				7B4035042ABA72860094791A /* VulcanApp.swift in Sources */,
				7B4035182ABA75B10094791A /* QuickWeatherInfo.swift in Sources */,
				7BF8FC902AD032B600E8B4F3 /* ManagementTestData.swift in Sources */,
				7B72778B2AD27B8C00605C87 /* svm_model.mlmodel in Sources */,
				7B4035142ABA74600094791A /* NavigationBarView.swift in Sources */,
				7BF8FC8A2ACF954E00E8B4F3 /* SMSTestData.swift in Sources */,
				7BEDE0262ABB17360031483B /* QuickFireInfo.swift in Sources */,
				7BF8FC862ACF835B00E8B4F3 /* FireTestData.swift in Sources */,
				7BEDE0312ABB1D6B0031483B /* MapManager.swift in Sources */,
				7BF8FC842ACF818E00E8B4F3 /* Fire_Old.swift in Sources */,
				7BEDE0292ABB184F0031483B /* NavigationBarItem.swift in Sources */,
				7BEDE02F2ABB1C8F0031483B /* MapView.swift in Sources */,
				7B6E99082AD1B88B00ACACB0 /* SMSPanel.swift in Sources */,
				7B72775B2AD21A0C00605C87 /* DataController.swift in Sources */,
				7B32A9F42ABBA17100CE0603 /* PanelView.swift in Sources */,
				7B7277582AD2185A00605C87 /* DataModel.xcdatamodeld in Sources */,
				7B32A9FB2ABBB00400CE0603 /* FirePanel.swift in Sources */,
				7B40351A2ABA79380094791A /* WeatherKitManager.swift in Sources */,
				7B6E99062AD0F4A300ACACB0 /* FireWeatherIndexManager.swift in Sources */,
				7BF8FC882ACF866100E8B4F3 /* Management.swift in Sources */,
				7BEDE02C2ABB19140031483B /* Color.swift in Sources */,
				7B32A9FD2ABBB16700CE0603 /* MainViewModel.swift in Sources */,
			);
			runOnlyForDeploymentPostprocessing = 0;
		};
/* End PBXSourcesBuildPhase section */

/* Begin XCBuildConfiguration section */
		7B40350D2ABA72870094791A /* Debug */ = {
			isa = XCBuildConfiguration;
			buildSettings = {
				ALWAYS_SEARCH_USER_PATHS = NO;
				CLANG_ANALYZER_NONNULL = YES;
				CLANG_ANALYZER_NUMBER_OBJECT_CONVERSION = YES_AGGRESSIVE;
				CLANG_CXX_LANGUAGE_STANDARD = "gnu++20";
				CLANG_ENABLE_MODULES = YES;
				CLANG_ENABLE_OBJC_ARC = YES;
				CLANG_ENABLE_OBJC_WEAK = YES;
				CLANG_WARN_BLOCK_CAPTURE_AUTORELEASING = YES;
				CLANG_WARN_BOOL_CONVERSION = YES;
				CLANG_WARN_COMMA = YES;
				CLANG_WARN_CONSTANT_CONVERSION = YES;
				CLANG_WARN_DEPRECATED_OBJC_IMPLEMENTATIONS = YES;
				CLANG_WARN_DIRECT_OBJC_ISA_USAGE = YES_ERROR;
				CLANG_WARN_DOCUMENTATION_COMMENTS = YES;
				CLANG_WARN_EMPTY_BODY = YES;
				CLANG_WARN_ENUM_CONVERSION = YES;
				CLANG_WARN_INFINITE_RECURSION = YES;
				CLANG_WARN_INT_CONVERSION = YES;
				CLANG_WARN_NON_LITERAL_NULL_CONVERSION = YES;
				CLANG_WARN_OBJC_IMPLICIT_RETAIN_SELF = YES;
				CLANG_WARN_OBJC_LITERAL_CONVERSION = YES;
				CLANG_WARN_OBJC_ROOT_CLASS = YES_ERROR;
				CLANG_WARN_QUOTED_INCLUDE_IN_FRAMEWORK_HEADER = YES;
				CLANG_WARN_RANGE_LOOP_ANALYSIS = YES;
				CLANG_WARN_STRICT_PROTOTYPES = YES;
				CLANG_WARN_SUSPICIOUS_MOVE = YES;
				CLANG_WARN_UNGUARDED_AVAILABILITY = YES_AGGRESSIVE;
				CLANG_WARN_UNREACHABLE_CODE = YES;
				CLANG_WARN__DUPLICATE_METHOD_MATCH = YES;
				COPY_PHASE_STRIP = NO;
				DEBUG_INFORMATION_FORMAT = dwarf;
				ENABLE_STRICT_OBJC_MSGSEND = YES;
				ENABLE_TESTABILITY = YES;
				GCC_C_LANGUAGE_STANDARD = gnu11;
				GCC_DYNAMIC_NO_PIC = NO;
				GCC_NO_COMMON_BLOCKS = YES;
				GCC_OPTIMIZATION_LEVEL = 0;
				GCC_PREPROCESSOR_DEFINITIONS = (
					"DEBUG=1",
					"$(inherited)",
				);
				GCC_WARN_64_TO_32_BIT_CONVERSION = YES;
				GCC_WARN_ABOUT_RETURN_TYPE = YES_ERROR;
				GCC_WARN_UNDECLARED_SELECTOR = YES;
				GCC_WARN_UNINITIALIZED_AUTOS = YES_AGGRESSIVE;
				GCC_WARN_UNUSED_FUNCTION = YES;
				GCC_WARN_UNUSED_VARIABLE = YES;
				MACOSX_DEPLOYMENT_TARGET = 13.3;
				MTL_ENABLE_DEBUG_INFO = INCLUDE_SOURCE;
				MTL_FAST_MATH = YES;
				ONLY_ACTIVE_ARCH = YES;
				SDKROOT = macosx;
				SWIFT_ACTIVE_COMPILATION_CONDITIONS = DEBUG;
				SWIFT_OPTIMIZATION_LEVEL = "-Onone";
			};
			name = Debug;
		};
		7B40350E2ABA72870094791A /* Release */ = {
			isa = XCBuildConfiguration;
			buildSettings = {
				ALWAYS_SEARCH_USER_PATHS = NO;
				CLANG_ANALYZER_NONNULL = YES;
				CLANG_ANALYZER_NUMBER_OBJECT_CONVERSION = YES_AGGRESSIVE;
				CLANG_CXX_LANGUAGE_STANDARD = "gnu++20";
				CLANG_ENABLE_MODULES = YES;
				CLANG_ENABLE_OBJC_ARC = YES;
				CLANG_ENABLE_OBJC_WEAK = YES;
				CLANG_WARN_BLOCK_CAPTURE_AUTORELEASING = YES;
				CLANG_WARN_BOOL_CONVERSION = YES;
				CLANG_WARN_COMMA = YES;
				CLANG_WARN_CONSTANT_CONVERSION = YES;
				CLANG_WARN_DEPRECATED_OBJC_IMPLEMENTATIONS = YES;
				CLANG_WARN_DIRECT_OBJC_ISA_USAGE = YES_ERROR;
				CLANG_WARN_DOCUMENTATION_COMMENTS = YES;
				CLANG_WARN_EMPTY_BODY = YES;
				CLANG_WARN_ENUM_CONVERSION = YES;
				CLANG_WARN_INFINITE_RECURSION = YES;
				CLANG_WARN_INT_CONVERSION = YES;
				CLANG_WARN_NON_LITERAL_NULL_CONVERSION = YES;
				CLANG_WARN_OBJC_IMPLICIT_RETAIN_SELF = YES;
				CLANG_WARN_OBJC_LITERAL_CONVERSION = YES;
				CLANG_WARN_OBJC_ROOT_CLASS = YES_ERROR;
				CLANG_WARN_QUOTED_INCLUDE_IN_FRAMEWORK_HEADER = YES;
				CLANG_WARN_RANGE_LOOP_ANALYSIS = YES;
				CLANG_WARN_STRICT_PROTOTYPES = YES;
				CLANG_WARN_SUSPICIOUS_MOVE = YES;
				CLANG_WARN_UNGUARDED_AVAILABILITY = YES_AGGRESSIVE;
				CLANG_WARN_UNREACHABLE_CODE = YES;
				CLANG_WARN__DUPLICATE_METHOD_MATCH = YES;
				COPY_PHASE_STRIP = NO;
				DEBUG_INFORMATION_FORMAT = "dwarf-with-dsym";
				ENABLE_NS_ASSERTIONS = NO;
				ENABLE_STRICT_OBJC_MSGSEND = YES;
				GCC_C_LANGUAGE_STANDARD = gnu11;
				GCC_NO_COMMON_BLOCKS = YES;
				GCC_WARN_64_TO_32_BIT_CONVERSION = YES;
				GCC_WARN_ABOUT_RETURN_TYPE = YES_ERROR;
				GCC_WARN_UNDECLARED_SELECTOR = YES;
				GCC_WARN_UNINITIALIZED_AUTOS = YES_AGGRESSIVE;
				GCC_WARN_UNUSED_FUNCTION = YES;
				GCC_WARN_UNUSED_VARIABLE = YES;
				MACOSX_DEPLOYMENT_TARGET = 13.3;
				MTL_ENABLE_DEBUG_INFO = NO;
				MTL_FAST_MATH = YES;
				SDKROOT = macosx;
				SWIFT_COMPILATION_MODE = wholemodule;
				SWIFT_OPTIMIZATION_LEVEL = "-O";
			};
			name = Release;
		};
		7B4035102ABA72870094791A /* Debug */ = {
			isa = XCBuildConfiguration;
			buildSettings = {
				ASSETCATALOG_COMPILER_APPICON_NAME = AppIcon;
				ASSETCATALOG_COMPILER_GLOBAL_ACCENT_COLOR_NAME = AccentColor;
				CODE_SIGN_ENTITLEMENTS = Vulcan/Vulcan.entitlements;
				CODE_SIGN_STYLE = Automatic;
				COMBINE_HIDPI_IMAGES = YES;
				CURRENT_PROJECT_VERSION = 1;
				DEVELOPMENT_ASSET_PATHS = "\"Vulcan/Preview Content\"";
				DEVELOPMENT_TEAM = BBVWKYQ2W4;
				ENABLE_HARDENED_RUNTIME = YES;
				ENABLE_PREVIEWS = YES;
				GENERATE_INFOPLIST_FILE = YES;
				INFOPLIST_KEY_NSHumanReadableCopyright = "";
				INFOPLIST_KEY_NSLocationAlwaysUsageDescription = "Location is used to provide accurate weather information.";
				LD_RUNPATH_SEARCH_PATHS = (
					"$(inherited)",
					"@executable_path/../Frameworks",
				);
				MACOSX_DEPLOYMENT_TARGET = 13.1;
				MARKETING_VERSION = 1.0;
				PRODUCT_BUNDLE_IDENTIFIER = com.aidenmcdougal.Vulcan;
				PRODUCT_NAME = "$(TARGET_NAME)";
				SWIFT_EMIT_LOC_STRINGS = YES;
				SWIFT_VERSION = 5.0;
			};
			name = Debug;
		};
		7B4035112ABA72870094791A /* Release */ = {
			isa = XCBuildConfiguration;
			buildSettings = {
				ASSETCATALOG_COMPILER_APPICON_NAME = AppIcon;
				ASSETCATALOG_COMPILER_GLOBAL_ACCENT_COLOR_NAME = AccentColor;
				CODE_SIGN_ENTITLEMENTS = Vulcan/Vulcan.entitlements;
				CODE_SIGN_STYLE = Automatic;
				COMBINE_HIDPI_IMAGES = YES;
				CURRENT_PROJECT_VERSION = 1;
				DEVELOPMENT_ASSET_PATHS = "\"Vulcan/Preview Content\"";
				DEVELOPMENT_TEAM = BBVWKYQ2W4;
				ENABLE_HARDENED_RUNTIME = YES;
				ENABLE_PREVIEWS = YES;
				GENERATE_INFOPLIST_FILE = YES;
				INFOPLIST_KEY_NSHumanReadableCopyright = "";
				INFOPLIST_KEY_NSLocationAlwaysUsageDescription = "Location is used to provide accurate weather information.";
				LD_RUNPATH_SEARCH_PATHS = (
					"$(inherited)",
					"@executable_path/../Frameworks",
				);
				MACOSX_DEPLOYMENT_TARGET = 13.1;
				MARKETING_VERSION = 1.0;
				PRODUCT_BUNDLE_IDENTIFIER = com.aidenmcdougal.Vulcan;
				PRODUCT_NAME = "$(TARGET_NAME)";
				SWIFT_EMIT_LOC_STRINGS = YES;
				SWIFT_VERSION = 5.0;
			};
			name = Release;
		};
/* End XCBuildConfiguration section */

/* Begin XCConfigurationList section */
		7B4034FB2ABA72860094791A /* Build configuration list for PBXProject "Vulcan" */ = {
			isa = XCConfigurationList;
			buildConfigurations = (
				7B40350D2ABA72870094791A /* Debug */,
				7B40350E2ABA72870094791A /* Release */,
			);
			defaultConfigurationIsVisible = 0;
			defaultConfigurationName = Release;
		};
		7B40350F2ABA72870094791A /* Build configuration list for PBXNativeTarget "Vulcan" */ = {
			isa = XCConfigurationList;
			buildConfigurations = (
				7B4035102ABA72870094791A /* Debug */,
				7B4035112ABA72870094791A /* Release */,
			);
			defaultConfigurationIsVisible = 0;
			defaultConfigurationName = Release;
		};
/* End XCConfigurationList section */

/* Begin XCVersionGroup section */
		7B7277562AD2185A00605C87 /* DataModel.xcdatamodeld */ = {
			isa = XCVersionGroup;
			children = (
				7B7277572AD2185A00605C87 /* PhoneNumberModel.xcdatamodel */,
			);
			currentVersion = 7B7277572AD2185A00605C87 /* PhoneNumberModel.xcdatamodel */;
			path = DataModel.xcdatamodeld;
			sourceTree = "<group>";
			versionGroupType = wrapper.xcdatamodel;
		};
/* End XCVersionGroup section */
	};
	rootObject = 7B4034F82ABA72860094791A /* Project object */;
}
